{
  "nodes": {
    "home-manager": {
      "inputs": {
        "nixpkgs": [
          "nixpkgs"
        ]
      },
      "locked": {
        "lastModified": 1717097707,
        "narHash": "sha256-HC5vJ3oYsjwsCaSbkIPv80e4ebJpNvFKQTBOGlHvjLs=",
        "owner": "nix-community",
        "repo": "home-manager",
        "rev": "0eb314b4f0ba337e88123e0b1e57ef58346aafd9",
        "type": "github"
      },
      "original": {
        "owner": "nix-community",
        "repo": "home-manager",
        "type": "github"
      }
    },
    "impermanence": {
      "locked": {
        "lastModified": 1708968331,
        "narHash": "sha256-VUXLaPusCBvwM3zhGbRIJVeYluh2uWuqtj4WirQ1L9Y=",
        "owner": "nix-community",
        "repo": "impermanence",
        "rev": "a33ef102a02ce77d3e39c25197664b7a636f9c30",
        "type": "github"
      },
      "original": {
        "owner": "nix-community",
        "repo": "impermanence",
        "type": "github"
      }
    },
    "nixos-hardware": {
      "locked": {
        "lastModified": 1716987116,
        "narHash": "sha256-uuEkErFVsFdg2K0cKbNQ9JlFSAm/xYqPr4rbPLI91Y8=",
        "owner": "nixos",
        "repo": "nixos-hardware",
        "rev": "8251761f93d6f5b91cee45ac09edb6e382641009",
        "type": "github"
      },
      "original": {
        "owner": "nixos",
        "repo": "nixos-hardware",
        "type": "github"
      }
    },
    "nixpkgs": {
      "locked": {
        "lastModified": 1717112898,
        "narHash": "sha256-7R2ZvOnvd9h8fDd65p0JnB7wXfUvreox3xFdYWd1BnY=",
        "owner": "NixOS",
        "repo": "nixpkgs",
        "rev": "6132b0f6e344ce2fe34fc051b72fb46e34f668e0",
        "type": "github"
      },
      "original": {
        "id": "nixpkgs",
        "ref": "nixpkgs-unstable",
        "type": "indirect"
      }
    },
    "nur": {
      "locked": {
        "lastModified": 1717155958,
        "narHash": "sha256-SFdLFjNx0U5SAeS+h1EZ8BQGnboT8SCKVYM54eYhTuo=",
        "owner": "nix-community",
        "repo": "nur",
        "rev": "144c8c06c983e114eef8c8da825d359ca2c8bf77",
        "type": "github"
      },
      "original": {
        "owner": "nix-community",
        "repo": "nur",
        "type": "github"
      }
    },
    "root": {
      "inputs": {
        "home-manager": "home-manager",
        "impermanence": "impermanence",
        "nixos-hardware": "nixos-hardware",
        "nixpkgs": "nixpkgs",
        "nur": "nur"
      }
    }
  },
  "root": "root",
  "version": 7
}
